// !$*UTF8*$!
{
	archiveVersion = 1;
	classes = {
	};
	objectVersion = 46;
	objects = {

/* Begin PBXBuildFile section */
		09951A491EDE327100FA6BD1 /* AppDelegate.swift in Sources */ = {isa = PBXBuildFile; fileRef = 09951A481EDE327100FA6BD1 /* AppDelegate.swift */; };
		09951A4B1EDE327100FA6BD1 /* ViewController.swift in Sources */ = {isa = PBXBuildFile; fileRef = 09951A4A1EDE327100FA6BD1 /* ViewController.swift */; };
		09951A4E1EDE327100FA6BD1 /* Main.storyboard in Resources */ = {isa = PBXBuildFile; fileRef = 09951A4C1EDE327100FA6BD1 /* Main.storyboard */; };
		09951A511EDE327100FA6BD1 /* Task_It_.xcdatamodeld in Sources */ = {isa = PBXBuildFile; fileRef = 09951A4F1EDE327100FA6BD1 /* Task_It_.xcdatamodeld */; };
		09951A531EDE327100FA6BD1 /* Assets.xcassets in Resources */ = {isa = PBXBuildFile; fileRef = 09951A521EDE327100FA6BD1 /* Assets.xcassets */; };
		09951A561EDE327100FA6BD1 /* LaunchScreen.storyboard in Resources */ = {isa = PBXBuildFile; fileRef = 09951A541EDE327100FA6BD1 /* LaunchScreen.storyboard */; };
		09951A5E1EDE337A00FA6BD1 /* Task.swift in Sources */ = {isa = PBXBuildFile; fileRef = 09951A5D1EDE337A00FA6BD1 /* Task.swift */; };
/* End PBXBuildFile section */

/* Begin PBXFileReference section */
		09951A451EDE327100FA6BD1 /* Task It!.app */ = {isa = PBXFileReference; explicitFileType = wrapper.application; includeInIndex = 0; path = "Task It!.app"; sourceTree = BUILT_PRODUCTS_DIR; };
		09951A481EDE327100FA6BD1 /* AppDelegate.swift */ = {isa = PBXFileReference; lastKnownFileType = sourcecode.swift; path = AppDelegate.swift; sourceTree = "<group>"; };
		09951A4A1EDE327100FA6BD1 /* ViewController.swift */ = {isa = PBXFileReference; lastKnownFileType = sourcecode.swift; path = ViewController.swift; sourceTree = "<group>"; };
		09951A4D1EDE327100FA6BD1 /* Base */ = {isa = PBXFileReference; lastKnownFileType = file.storyboard; name = Base; path = Base.lproj/Main.storyboard; sourceTree = "<group>"; };
		09951A501EDE327100FA6BD1 /* Task_It_.xcdatamodel */ = {isa = PBXFileReference; lastKnownFileType = wrapper.xcdatamodel; path = Task_It_.xcdatamodel; sourceTree = "<group>"; };
		09951A521EDE327100FA6BD1 /* Assets.xcassets */ = {isa = PBXFileReference; lastKnownFileType = folder.assetcatalog; path = Assets.xcassets; sourceTree = "<group>"; };
		09951A551EDE327100FA6BD1 /* Base */ = {isa = PBXFileReference; lastKnownFileType = file.storyboard; name = Base; path = Base.lproj/LaunchScreen.storyboard; sourceTree = "<group>"; };
		09951A571EDE327100FA6BD1 /* Info.plist */ = {isa = PBXFileReference; lastKnownFileType = text.plist.xml; path = Info.plist; sourceTree = "<group>"; };
		09951A5D1EDE337A00FA6BD1 /* Task.swift */ = {isa = PBXFileReference; fileEncoding = 4; lastKnownFileType = sourcecode.swift; path = Task.swift; sourceTree = "<group>"; };
/* End PBXFileReference section */

/* Begin PBXFrameworksBuildPhase section */
		09951A421EDE327100FA6BD1 /* Frameworks */ = {
			isa = PBXFrameworksBuildPhase;
			buildActionMask = 2147483647;
			files = (
			);
			runOnlyForDeploymentPostprocessing = 0;
		};
/* End PBXFrameworksBuildPhase section */

/* Begin PBXGroup section */
		09951A3C1EDE327100FA6BD1 = {
			isa = PBXGroup;
			children = (
				09951A471EDE327100FA6BD1 /* Task It! */,
				09951A461EDE327100FA6BD1 /* Products */,
			);
			sourceTree = "<group>";
		};
		09951A461EDE327100FA6BD1 /* Products */ = {
			isa = PBXGroup;
			children = (
				09951A451EDE327100FA6BD1 /* Task It!.app */,
			);
			name = Products;
			sourceTree = "<group>";
		};
		09951A471EDE327100FA6BD1 /* Task It! */ = {
			isa = PBXGroup;
			children = (
				09951A481EDE327100FA6BD1 /* AppDelegate.swift */,
				09951A4A1EDE327100FA6BD1 /* ViewController.swift */,
				09951A4C1EDE327100FA6BD1 /* Main.storyboard */,
				09951A521EDE327100FA6BD1 /* Assets.xcassets */,
				09951A5D1EDE337A00FA6BD1 /* Task.swift */,
				09951A541EDE327100FA6BD1 /* LaunchScreen.storyboard */,
				09951A571EDE327100FA6BD1 /* Info.plist */,
				09951A4F1EDE327100FA6BD1 /* Task_It_.xcdatamodeld */,
			);
			path = "Task It!";
			sourceTree = "<group>";
		};
/* End PBXGroup section */

/* Begin PBXNativeTarget section */
		09951A441EDE327100FA6BD1 /* Task It! */ = {
			isa = PBXNativeTarget;
			buildConfigurationList = 09951A5A1EDE327100FA6BD1 /* Build configuration list for PBXNativeTarget "Task It!" */;
			buildPhases = (
				09951A411EDE327100FA6BD1 /* Sources */,
				09951A421EDE327100FA6BD1 /* Frameworks */,
				09951A431EDE327100FA6BD1 /* Resources */,
			);
			buildRules = (
			);
			dependencies = (
			);
			name = "Task It!";
			productName = "Task It!";
			productReference = 09951A451EDE327100FA6BD1 /* Task It!.app */;
			productType = "com.apple.product-type.application";
		};
/* End PBXNativeTarget section */

/* Begin PBXProject section */
		09951A3D1EDE327100FA6BD1 /* Project object */ = {
			isa = PBXProject;
			attributes = {
				LastSwiftUpdateCheck = 0830;
				LastUpgradeCheck = 0830;
				ORGANIZATIONNAME = "Aaditya Jain";
				TargetAttributes = {
					09951A441EDE327100FA6BD1 = {
						CreatedOnToolsVersion = 8.3.2;
						ProvisioningStyle = Automatic;
					};
				};
			};
			buildConfigurationList = 09951A401EDE327100FA6BD1 /* Build configuration list for PBXProject "Task It!" */;
			compatibilityVersion = "Xcode 3.2";
			developmentRegion = English;
			hasScannedForEncodings = 0;
			knownRegions = (
				en,
				Base,
			);
			mainGroup = 09951A3C1EDE327100FA6BD1;
			productRefGroup = 09951A461EDE327100FA6BD1 /* Products */;
			projectDirPath = "";
			projectRoot = "";
			targets = (
				09951A441EDE327100FA6BD1 /* Task It! */,
			);
		};
/* End PBXProject section */

/* Begin PBXResourcesBuildPhase section */
		09951A431EDE327100FA6BD1 /* Resources */ = {
			isa = PBXResourcesBuildPhase;
			buildActionMask = 2147483647;
			files = (
				09951A561EDE327100FA6BD1 /* LaunchScreen.storyboard in Resources */,
				09951A531EDE327100FA6BD1 /* Assets.xcassets in Resources */,
				09951A4E1EDE327100FA6BD1 /* Main.storyboard in Resources */,
			);
			runOnlyForDeploymentPostprocessing = 0;
		};
/* End PBXResourcesBuildPhase section */

/* Begin PBXSourcesBuildPhase section */
		09951A411EDE327100FA6BD1 /* Sources */ = {
			isa = PBXSourcesBuildPhase;
			buildActionMask = 2147483647;
			files = (
				09951A5E1EDE337A00FA6BD1 /* Task.swift in Sources */,
				09951A4B1EDE327100FA6BD1 /* ViewController.swift in Sources */,
				09951A491EDE327100FA6BD1 /* AppDelegate.swift in Sources */,
				09951A511EDE327100FA6BD1 /* Task_It_.xcdatamodeld in Sources */,
			);
			runOnlyForDeploymentPostprocessing = 0;
		};
/* End PBXSourcesBuildPhase section */

/* Begin PBXVariantGroup section */
		09951A4C1EDE327100FA6BD1 /* Main.storyboard */ = {
			isa = PBXVariantGroup;
			children = (
				09951A4D1EDE327100FA6BD1 /* Base */,
			);
			name = Main.storyboard;
			sourceTree = "<group>";
		};
		09951A541EDE327100FA6BD1 /* LaunchScreen.storyboard */ = {
			isa = PBXVariantGroup;
			children = (
				09951A551EDE327100FA6BD1 /* Base */,
			);
			name = LaunchScreen.storyboard;
			sourceTree = "<group>";
		};
/* End PBXVariantGroup section */

/* Begin XCBuildConfiguration section */
		09951A581EDE327100FA6BD1 /* Debug */ = {
			isa = XCBuildConfiguration;
			buildSettings = {
				ALWAYS_SEARCH_USER_PATHS = NO;
				CLANG_ANALYZER_NONNULL = YES;
				CLANG_ANALYZER_NUMBER_OBJECT_CONVERSION = YES_AGGRESSIVE;
				CLANG_CXX_LANGUAGE_STANDARD = "gnu++0x";
				CLANG_CXX_LIBRARY = "libc++";
				CLANG_ENABLE_MODULES = YES;
				CLANG_ENABLE_OBJC_ARC = YES;
				CLANG_WARN_BOOL_CONVERSION = YES;
				CLANG_WARN_CONSTANT_CONVERSION = YES;
				CLANG_WARN_DIRECT_OBJC_ISA_USAGE = YES_ERROR;
				CLANG_WARN_DOCUMENTATION_COMMENTS = YES;
				CLANG_WARN_EMPTY_BODY = YES;
				CLANG_WARN_ENUM_CONVERSION = YES;
				CLANG_WARN_INFINITE_RECURSION = YES;
				CLANG_WARN_INT_CONVERSION = YES;
				CLANG_WARN_OBJC_ROOT_CLASS = YES_ERROR;
				CLANG_WARN_SUSPICIOUS_MOVE = YES;
				CLANG_WARN_UNREACHABLE_CODE = YES;
				CLANG_WARN__DUPLICATE_METHOD_MATCH = YES;
				"CODE_SIGN_IDENTITY[sdk=iphoneos*]" = "iPhone Developer";
				COPY_PHASE_STRIP = NO;
				DEBUG_INFORMATION_FORMAT = dwarf;
				ENABLE_STRICT_OBJC_MSGSEND = YES;
				ENABLE_TESTABILITY = YES;
				GCC_C_LANGUAGE_STANDARD = gnu99;
				GCC_DYNAMIC_NO_PIC = NO;
				GCC_NO_COMMON_BLOCKS = YES;
				GCC_OPTIMIZATION_LEVEL = 0;
				GCC_PREPROCESSOR_DEFINITIONS = (
					"DEBUG=1",
					"$(inherited)",
				);
				GCC_WARN_64_TO_32_BIT_CONVERSION = YES;
				GCC_WARN_ABOUT_RETURN_TYPE = YES_ERROR;
				GCC_WARN_UNDECLARED_SELECTOR = YES;
				GCC_WARN_UNINITIALIZED_AUTOS = YES_AGGRESSIVE;
				GCC_WARN_UNUSED_FUNCTION = YES;
				GCC_WARN_UNUSED_VARIABLE = YES;
				IPHONEOS_DEPLOYMENT_TARGET = 10.3;
				MTL_ENABLE_DEBUG_INFO = YES;
				ONLY_ACTIVE_ARCH = YES;
				SDKROOT = iphoneos;
				SWIFT_ACTIVE_COMPILATION_CONDITIONS = DEBUG;
				SWIFT_OPTIMIZATION_LEVEL = "-Onone";
				TARGETED_DEVICE_FAMILY = "1,2";
			};
			name = Debug;
		};
		09951A591EDE327100FA6BD1 /* Release */ = {
			isa = XCBuildConfiguration;
			buildSettings = {
				ALWAYS_SEARCH_USER_PATHS = NO;
				CLANG_ANALYZER_NONNULL = YES;
				CLANG_ANALYZER_NUMBER_OBJECT_CONVERSION = YES_AGGRESSIVE;
				CLANG_CXX_LANGUAGE_STANDARD = "gnu++0x";
				CLANG_CXX_LIBRARY = "libc++";
				CLANG_ENABLE_MODULES = YES;
				CLANG_ENABLE_OBJC_ARC = YES;
				CLANG_WARN_BOOL_CONVERSION = YES;
				CLANG_WARN_CONSTANT_CONVERSION = YES;
				CLANG_WARN_DIRECT_OBJC_ISA_USAGE = YES_ERROR;
				CLANG_WARN_DOCUMENTATION_COMMENTS = YES;
				CLANG_WARN_EMPTY_BODY = YES;
				CLANG_WARN_ENUM_CONVERSION = YES;
				CLANG_WARN_INFINITE_RECURSION = YES;
				CLANG_WARN_INT_CONVERSION = YES;
				CLANG_WARN_OBJC_ROOT_CLASS = YES_ERROR;
				CLANG_WARN_SUSPICIOUS_MOVE = YES;
				CLANG_WARN_UNREACHABLE_CODE = YES;
				CLANG_WARN__DUPLICATE_METHOD_MATCH = YES;
				"CODE_SIGN_IDENTITY[sdk=iphoneos*]" = "iPhone Developer";
				COPY_PHASE_STRIP = NO;
				DEBUG_INFORMATION_FORMAT = "dwarf-with-dsym";
				ENABLE_NS_ASSERTIONS = NO;
				ENABLE_STRICT_OBJC_MSGSEND = YES;
				GCC_C_LANGUAGE_STANDARD = gnu99;
				GCC_NO_COMMON_BLOCKS = YES;
				GCC_WARN_64_TO_32_BIT_CONVERSION = YES;
				GCC_WARN_ABOUT_RETURN_TYPE = YES_ERROR;
				GCC_WARN_UNDECLARED_SELECTOR = YES;
				GCC_WARN_UNINITIALIZED_AUTOS = YES_AGGRESSIVE;
				GCC_WARN_UNUSED_FUNCTION = YES;
				GCC_WARN_UNUSED_VARIABLE = YES;
				IPHONEOS_DEPLOYMENT_TARGET = 10.3;
				MTL_ENABLE_DEBUG_INFO = NO;
				SDKROOT = iphoneos;
				SWIFT_OPTIMIZATION_LEVEL = "-Owholemodule";
				TARGETED_DEVICE_FAMILY = "1,2";
				VALIDATE_PRODUCT = YES;
			};
			name = Release;
		};
		09951A5B1EDE327100FA6BD1 /* Debug */ = {
			isa = XCBuildConfiguration;
			buildSettings = {
				ASSETCATALOG_COMPILER_APPICON_NAME = AppIcon;
				INFOPLIST_FILE = "Task It!/Info.plist";
				LD_RUNPATH_SEARCH_PATHS = "$(inherited) @executable_path/Frameworks";
				PRODUCT_BUNDLE_IDENTIFIER = "Summer-2017.Task-It-";
				PRODUCT_NAME = "$(TARGET_NAME)";
				SWIFT_VERSION = 3.0;
			};
			name = Debug;
		};
		09951A5C1EDE327100FA6BD1 /* Release */ = {
			isa = XCBuildConfiguration;
			buildSettings = {
				ASSETCATALOG_COMPILER_APPICON_NAME = AppIcon;
				INFOPLIST_FILE = "Task It!/Info.plist";
				LD_RUNPATH_SEARCH_PATHS = "$(inherited) @executable_path/Frameworks";
				PRODUCT_BUNDLE_IDENTIFIER = "Summer-2017.Task-It-";
				PRODUCT_NAME = "$(TARGET_NAME)";
				SWIFT_VERSION = 3.0;
			};
			name = Release;
		};
/* End XCBuildConfiguration section */

/* Begin XCConfigurationList section */
		09951A401EDE327100FA6BD1 /* Build configuration list for PBXProject "Task It!" */ = {
			isa = XCConfigurationList;
			buildConfigurations = (
				09951A581EDE327100FA6BD1 /* Debug */,
				09951A591EDE327100FA6BD1 /* Release */,
			);
			defaultConfigurationIsVisible = 0;
			defaultConfigurationName = Release;
		};
		09951A5A1EDE327100FA6BD1 /* Build configuration list for PBXNativeTarget "Task It!" */ = {
			isa = XCConfigurationList;
			buildConfigurations = (
				09951A5B1EDE327100FA6BD1 /* Debug */,
				09951A5C1EDE327100FA6BD1 /* Release */,
			);
			defaultConfigurationIsVisible = 0;
		};
/* End XCConfigurationList section */

/* Begin XCVersionGroup section */
		09951A4F1EDE327100FA6BD1 /* Task_It_.xcdatamodeld */ = {
			isa = XCVersionGroup;
			children = (
				09951A501EDE327100FA6BD1 /* Task_It_.xcdatamodel */,
			);
			currentVersion = 09951A501EDE327100FA6BD1 /* Task_It_.xcdatamodel */;
			path = Task_It_.xcdatamodeld;
			sourceTree = "<group>";
			versionGroupType = wrapper.xcdatamodel;
		};
/* End XCVersionGroup section */
	};
	rootObject = 09951A3D1EDE327100FA6BD1 /* Project object */;
}
